
Microsoft Visual Studio Solution File, Format Version 12.00
# Visual Studio Version 16
VisualStudioVersion = 16.0.29326.143
MinimumVisualStudioVersion = 10.0.40219.1
Project("{FAE04EC0-301F-11D3-BF4B-00C04F79EFBC}") = "BucketLogger", "BucketLogger\BucketLogger.csproj", "{725A83E8-1F6C-493E-9448-4FCEDF4D2006}"
EndProject
Global
	GlobalSection(SolutionConfigurationPlatforms) = preSolution
		Debug|Any CPU = Debug|Any CPU
		Release|Any CPU = Release|Any CPU
	EndGlobalSection
	GlobalSection(ProjectConfigurationPlatforms) = postSolution
		{725A83E8-1F6C-493E-9448-4FCEDF4D2006}.Debug|Any CPU.ActiveCfg = Debug|Any CPU
		{725A83E8-1F6C-493E-9448-4FCEDF4D2006}.Debug|Any CPU.Build.0 = Debug|Any CPU
		{725A83E8-1F6C-493E-9448-4FCEDF4D2006}.Release|Any CPU.ActiveCfg = Release|Any CPU
		{725A83E8-1F6C-493E-9448-4FCEDF4D2006}.Release|Any CPU.Build.0 = Release|Any CPU
	EndGlobalSection
	GlobalSection(SolutionProperties) = preSolution
		HideSolutionNode = FALSE
	EndGlobalSection
	GlobalSection(ExtensibilityGlobals) = postSolution
		SolutionGuid = {C8C3AF52-D915-461E-8B04-2AB168BE1A17}
	EndGlobalSection
EndGlobal
